
Microsoft Visual Studio Solution File, Format Version 12.00
# Visual Studio Version 17
VisualStudioVersion = 17.0.32014.148
MinimumVisualStudioVersion = 10.0.40219.1
Project("{FAE04EC0-301F-11D3-BF4B-00C04F79EFBC}") = "DataAcces", "DataAcces\DataAcces.csproj", "{9F9BC1AA-D550-4A48-AE20-F8CD7B9D7600}"
EndProject
Global
	GlobalSection(SolutionConfigurationPlatforms) = preSolution
		Debug|Any CPU = Debug|Any CPU
		Release|Any CPU = Release|Any CPU
	EndGlobalSection
	GlobalSection(ProjectConfigurationPlatforms) = postSolution
		{9F9BC1AA-D550-4A48-AE20-F8CD7B9D7600}.Debug|Any CPU.ActiveCfg = Debug|Any CPU
		{9F9BC1AA-D550-4A48-AE20-F8CD7B9D7600}.Debug|Any CPU.Build.0 = Debug|Any CPU
		{9F9BC1AA-D550-4A48-AE20-F8CD7B9D7600}.Release|Any CPU.ActiveCfg = Release|Any CPU
		{9F9BC1AA-D550-4A48-AE20-F8CD7B9D7600}.Release|Any CPU.Build.0 = Release|Any CPU
	EndGlobalSection
	GlobalSection(SolutionProperties) = preSolution
		HideSolutionNode = FALSE
	EndGlobalSection
	GlobalSection(ExtensibilityGlobals) = postSolution
		SolutionGuid = {C6CDC630-B9A2-4DBD-99EC-C9BC1802A824}
	EndGlobalSection
EndGlobal
